{
  "name": "button_click",
  "version": "1.0.0",
  "lockfileVersion": 2,
  "requires": true,
  "packages": {
    "": {
      "name": "button_click",
      "version": "1.0.0",
      "license": "ISC",
      "dependencies": {
        "flagship": "^0.1.0"
      }
    },
    "node_modules/flagship": {
      "version": "0.1.0",
      "resolved": "https://registry.npmjs.org/flagship/-/flagship-0.1.0.tgz",
      "integrity": "sha1-DQ85POLHTt+hLr2Y5XrxZJd3CnY="
    }
  },
  "dependencies": {
    "flagship": {
      "version": "0.1.0",
      "resolved": "https://registry.npmjs.org/flagship/-/flagship-0.1.0.tgz",
      "integrity": "sha1-DQ85POLHTt+hLr2Y5XrxZJd3CnY="
    }
  }
}
